
Microsoft Visual Studio Solution File, Format Version 12.00
# Visual Studio Version 16
VisualStudioVersion = 16.0.31313.79
MinimumVisualStudioVersion = 10.0.40219.1
Project("{FAE04EC0-301F-11D3-BF4B-00C04F79EFBC}") = "TransportManagementSystem", "TransportManagementSystem\TransportManagementSystem.csproj", "{761995D1-B0C7-432A-A873-F6756D3B5A43}"
EndProject
Global
	GlobalSection(SolutionConfigurationPlatforms) = preSolution
		Debug|Any CPU = Debug|Any CPU
		Release|Any CPU = Release|Any CPU
	EndGlobalSection
	GlobalSection(ProjectConfigurationPlatforms) = postSolution
		{761995D1-B0C7-432A-A873-F6756D3B5A43}.Debug|Any CPU.ActiveCfg = Debug|Any CPU
		{761995D1-B0C7-432A-A873-F6756D3B5A43}.Debug|Any CPU.Build.0 = Debug|Any CPU
		{761995D1-B0C7-432A-A873-F6756D3B5A43}.Release|Any CPU.ActiveCfg = Release|Any CPU
		{761995D1-B0C7-432A-A873-F6756D3B5A43}.Release|Any CPU.Build.0 = Release|Any CPU
	EndGlobalSection
	GlobalSection(SolutionProperties) = preSolution
		HideSolutionNode = FALSE
	EndGlobalSection
	GlobalSection(ExtensibilityGlobals) = postSolution
		SolutionGuid = {10FFF77C-4BB2-4736-91AF-76EE519EE722}
	EndGlobalSection
EndGlobal
